// !$*UTF8*$!
{
	archiveVersion = 1;
	classes = {
	};
	objectVersion = 46;
	objects = {

/* Begin PBXBuildFile section */
		6832C81C1FAFF03700E8A75B /* main.m in Sources */ = {isa = PBXBuildFile; fileRef = 6832C81B1FAFF03700E8A75B /* main.m */; };
		6832C81F1FAFF03700E8A75B /* AppDelegate.m in Sources */ = {isa = PBXBuildFile; fileRef = 6832C81E1FAFF03700E8A75B /* AppDelegate.m */; };
		6832C8221FAFF03700E8A75B /* ViewController.m in Sources */ = {isa = PBXBuildFile; fileRef = 6832C8211FAFF03700E8A75B /* ViewController.m */; };
		6832C8251FAFF03700E8A75B /* Main.storyboard in Resources */ = {isa = PBXBuildFile; fileRef = 6832C8231FAFF03700E8A75B /* Main.storyboard */; };
		6832C8271FAFF03700E8A75B /* Assets.xcassets in Resources */ = {isa = PBXBuildFile; fileRef = 6832C8261FAFF03700E8A75B /* Assets.xcassets */; };
		6832C82A1FAFF03700E8A75B /* LaunchScreen.storyboard in Resources */ = {isa = PBXBuildFile; fileRef = 6832C8281FAFF03700E8A75B /* LaunchScreen.storyboard */; };
		6832C8351FAFF03700E8A75B /* wdRankDemoTests.m in Sources */ = {isa = PBXBuildFile; fileRef = 6832C8341FAFF03700E8A75B /* wdRankDemoTests.m */; };
		6832C8401FAFF03700E8A75B /* wdRankDemoUITests.m in Sources */ = {isa = PBXBuildFile; fileRef = 6832C83F1FAFF03700E8A75B /* wdRankDemoUITests.m */; };
		685362C31FB995E9008F40E5 /* WDRankingView.m in Sources */ = {isa = PBXBuildFile; fileRef = 685362C21FB995E9008F40E5 /* WDRankingView.m */; };
/* End PBXBuildFile section */

/* Begin PBXContainerItemProxy section */
		6832C8311FAFF03700E8A75B /* PBXContainerItemProxy */ = {
			isa = PBXContainerItemProxy;
			containerPortal = 6832C80F1FAFF03700E8A75B /* Project object */;
			proxyType = 1;
			remoteGlobalIDString = 6832C8161FAFF03700E8A75B;
			remoteInfo = wdRankDemo;
		};
		6832C83C1FAFF03700E8A75B /* PBXContainerItemProxy */ = {
			isa = PBXContainerItemProxy;
			containerPortal = 6832C80F1FAFF03700E8A75B /* Project object */;
			proxyType = 1;
			remoteGlobalIDString = 6832C8161FAFF03700E8A75B;
			remoteInfo = wdRankDemo;
		};
/* End PBXContainerItemProxy section */

/* Begin PBXFileReference section */
		6832C8171FAFF03700E8A75B /* wdRankDemo.app */ = {isa = PBXFileReference; explicitFileType = wrapper.application; includeInIndex = 0; path = wdRankDemo.app; sourceTree = BUILT_PRODUCTS_DIR; };
		6832C81B1FAFF03700E8A75B /* main.m */ = {isa = PBXFileReference; lastKnownFileType = sourcecode.c.objc; path = main.m; sourceTree = "<group>"; };
		6832C81D1FAFF03700E8A75B /* AppDelegate.h */ = {isa = PBXFileReference; lastKnownFileType = sourcecode.c.h; path = AppDelegate.h; sourceTree = "<group>"; };
		6832C81E1FAFF03700E8A75B /* AppDelegate.m */ = {isa = PBXFileReference; lastKnownFileType = sourcecode.c.objc; path = AppDelegate.m; sourceTree = "<group>"; };
		6832C8201FAFF03700E8A75B /* ViewController.h */ = {isa = PBXFileReference; lastKnownFileType = sourcecode.c.h; path = ViewController.h; sourceTree = "<group>"; };
		6832C8211FAFF03700E8A75B /* ViewController.m */ = {isa = PBXFileReference; lastKnownFileType = sourcecode.c.objc; path = ViewController.m; sourceTree = "<group>"; };
		6832C8241FAFF03700E8A75B /* Base */ = {isa = PBXFileReference; lastKnownFileType = file.storyboard; name = Base; path = Base.lproj/Main.storyboard; sourceTree = "<group>"; };
		6832C8261FAFF03700E8A75B /* Assets.xcassets */ = {isa = PBXFileReference; lastKnownFileType = folder.assetcatalog; path = Assets.xcassets; sourceTree = "<group>"; };
		6832C8291FAFF03700E8A75B /* Base */ = {isa = PBXFileReference; lastKnownFileType = file.storyboard; name = Base; path = Base.lproj/LaunchScreen.storyboard; sourceTree = "<group>"; };
		6832C82B1FAFF03700E8A75B /* Info.plist */ = {isa = PBXFileReference; lastKnownFileType = text.plist.xml; path = Info.plist; sourceTree = "<group>"; };
		6832C8301FAFF03700E8A75B /* wdRankDemoTests.xctest */ = {isa = PBXFileReference; explicitFileType = wrapper.cfbundle; includeInIndex = 0; path = wdRankDemoTests.xctest; sourceTree = BUILT_PRODUCTS_DIR; };
		6832C8341FAFF03700E8A75B /* wdRankDemoTests.m */ = {isa = PBXFileReference; lastKnownFileType = sourcecode.c.objc; path = wdRankDemoTests.m; sourceTree = "<group>"; };
		6832C8361FAFF03700E8A75B /* Info.plist */ = {isa = PBXFileReference; lastKnownFileType = text.plist.xml; path = Info.plist; sourceTree = "<group>"; };
		6832C83B1FAFF03700E8A75B /* wdRankDemoUITests.xctest */ = {isa = PBXFileReference; explicitFileType = wrapper.cfbundle; includeInIndex = 0; path = wdRankDemoUITests.xctest; sourceTree = BUILT_PRODUCTS_DIR; };
		6832C83F1FAFF03700E8A75B /* wdRankDemoUITests.m */ = {isa = PBXFileReference; lastKnownFileType = sourcecode.c.objc; path = wdRankDemoUITests.m; sourceTree = "<group>"; };
		6832C8411FAFF03700E8A75B /* Info.plist */ = {isa = PBXFileReference; lastKnownFileType = text.plist.xml; path = Info.plist; sourceTree = "<group>"; };
		685362C11FB995E9008F40E5 /* WDRankingView.h */ = {isa = PBXFileReference; fileEncoding = 4; lastKnownFileType = sourcecode.c.h; path = WDRankingView.h; sourceTree = "<group>"; };
		685362C21FB995E9008F40E5 /* WDRankingView.m */ = {isa = PBXFileReference; fileEncoding = 4; lastKnownFileType = sourcecode.c.objc; path = WDRankingView.m; sourceTree = "<group>"; };
/* End PBXFileReference section */

/* Begin PBXFrameworksBuildPhase section */
		6832C8141FAFF03700E8A75B /* Frameworks */ = {
			isa = PBXFrameworksBuildPhase;
			buildActionMask = 2147483647;
			files = (
			);
			runOnlyForDeploymentPostprocessing = 0;
		};
		6832C82D1FAFF03700E8A75B /* Frameworks */ = {
			isa = PBXFrameworksBuildPhase;
			buildActionMask = 2147483647;
			files = (
			);
			runOnlyForDeploymentPostprocessing = 0;
		};
		6832C8381FAFF03700E8A75B /* Frameworks */ = {
			isa = PBXFrameworksBuildPhase;
			buildActionMask = 2147483647;
			files = (
			);
			runOnlyForDeploymentPostprocessing = 0;
		};
/* End PBXFrameworksBuildPhase section */

/* Begin PBXGroup section */
		6832C80E1FAFF03700E8A75B = {
			isa = PBXGroup;
			children = (
				6832C8191FAFF03700E8A75B /* wdRankDemo */,
				6832C8331FAFF03700E8A75B /* wdRankDemoTests */,
				6832C83E1FAFF03700E8A75B /* wdRankDemoUITests */,
				6832C8181FAFF03700E8A75B /* Products */,
			);
			sourceTree = "<group>";
		};
		6832C8181FAFF03700E8A75B /* Products */ = {
			isa = PBXGroup;
			children = (
				6832C8171FAFF03700E8A75B /* wdRankDemo.app */,
				6832C8301FAFF03700E8A75B /* wdRankDemoTests.xctest */,
				6832C83B1FAFF03700E8A75B /* wdRankDemoUITests.xctest */,
			);
			name = Products;
			sourceTree = "<group>";
		};
		6832C8191FAFF03700E8A75B /* wdRankDemo */ = {
			isa = PBXGroup;
			children = (
				6832C81D1FAFF03700E8A75B /* AppDelegate.h */,
				6832C81E1FAFF03700E8A75B /* AppDelegate.m */,
				6832C8201FAFF03700E8A75B /* ViewController.h */,
				6832C8211FAFF03700E8A75B /* ViewController.m */,
				685362C11FB995E9008F40E5 /* WDRankingView.h */,
				685362C21FB995E9008F40E5 /* WDRankingView.m */,
				6832C8231FAFF03700E8A75B /* Main.storyboard */,
				6832C8261FAFF03700E8A75B /* Assets.xcassets */,
				6832C8281FAFF03700E8A75B /* LaunchScreen.storyboard */,
				6832C82B1FAFF03700E8A75B /* Info.plist */,
				6832C81A1FAFF03700E8A75B /* Supporting Files */,
			);
			path = wdRankDemo;
			sourceTree = "<group>";
		};
		6832C81A1FAFF03700E8A75B /* Supporting Files */ = {
			isa = PBXGroup;
			children = (
				6832C81B1FAFF03700E8A75B /* main.m */,
			);
			name = "Supporting Files";
			sourceTree = "<group>";
		};
		6832C8331FAFF03700E8A75B /* wdRankDemoTests */ = {
			isa = PBXGroup;
			children = (
				6832C8341FAFF03700E8A75B /* wdRankDemoTests.m */,
				6832C8361FAFF03700E8A75B /* Info.plist */,
			);
			path = wdRankDemoTests;
			sourceTree = "<group>";
		};
		6832C83E1FAFF03700E8A75B /* wdRankDemoUITests */ = {
			isa = PBXGroup;
			children = (
				6832C83F1FAFF03700E8A75B /* wdRankDemoUITests.m */,
				6832C8411FAFF03700E8A75B /* Info.plist */,
			);
			path = wdRankDemoUITests;
			sourceTree = "<group>";
		};
/* End PBXGroup section */

/* Begin PBXNativeTarget section */
		6832C8161FAFF03700E8A75B /* wdRankDemo */ = {
			isa = PBXNativeTarget;
			buildConfigurationList = 6832C8441FAFF03700E8A75B /* Build configuration list for PBXNativeTarget "wdRankDemo" */;
			buildPhases = (
				6832C8131FAFF03700E8A75B /* Sources */,
				6832C8141FAFF03700E8A75B /* Frameworks */,
				6832C8151FAFF03700E8A75B /* Resources */,
			);
			buildRules = (
			);
			dependencies = (
			);
			name = wdRankDemo;
			productName = wdRankDemo;
			productReference = 6832C8171FAFF03700E8A75B /* wdRankDemo.app */;
			productType = "com.apple.product-type.application";
		};
		6832C82F1FAFF03700E8A75B /* wdRankDemoTests */ = {
			isa = PBXNativeTarget;
			buildConfigurationList = 6832C8471FAFF03700E8A75B /* Build configuration list for PBXNativeTarget "wdRankDemoTests" */;
			buildPhases = (
				6832C82C1FAFF03700E8A75B /* Sources */,
				6832C82D1FAFF03700E8A75B /* Frameworks */,
				6832C82E1FAFF03700E8A75B /* Resources */,
			);
			buildRules = (
			);
			dependencies = (
				6832C8321FAFF03700E8A75B /* PBXTargetDependency */,
			);
			name = wdRankDemoTests;
			productName = wdRankDemoTests;
			productReference = 6832C8301FAFF03700E8A75B /* wdRankDemoTests.xctest */;
			productType = "com.apple.product-type.bundle.unit-test";
		};
		6832C83A1FAFF03700E8A75B /* wdRankDemoUITests */ = {
			isa = PBXNativeTarget;
			buildConfigurationList = 6832C84A1FAFF03700E8A75B /* Build configuration list for PBXNativeTarget "wdRankDemoUITests" */;
			buildPhases = (
				6832C8371FAFF03700E8A75B /* Sources */,
				6832C8381FAFF03700E8A75B /* Frameworks */,
				6832C8391FAFF03700E8A75B /* Resources */,
			);
			buildRules = (
			);
			dependencies = (
				6832C83D1FAFF03700E8A75B /* PBXTargetDependency */,
			);
			name = wdRankDemoUITests;
			productName = wdRankDemoUITests;
			productReference = 6832C83B1FAFF03700E8A75B /* wdRankDemoUITests.xctest */;
			productType = "com.apple.product-type.bundle.ui-testing";
		};
/* End PBXNativeTarget section */

/* Begin PBXProject section */
		6832C80F1FAFF03700E8A75B /* Project object */ = {
			isa = PBXProject;
			attributes = {
				LastUpgradeCheck = 0830;
				ORGANIZATIONNAME = rac_demo.wd;
				TargetAttributes = {
					6832C8161FAFF03700E8A75B = {
						CreatedOnToolsVersion = 8.3.3;
						DevelopmentTeam = DJ6J6WLK86;
						ProvisioningStyle = Automatic;
					};
					6832C82F1FAFF03700E8A75B = {
						CreatedOnToolsVersion = 8.3.3;
						ProvisioningStyle = Automatic;
						TestTargetID = 6832C8161FAFF03700E8A75B;
					};
					6832C83A1FAFF03700E8A75B = {
						CreatedOnToolsVersion = 8.3.3;
						ProvisioningStyle = Automatic;
						TestTargetID = 6832C8161FAFF03700E8A75B;
					};
				};
			};
			buildConfigurationList = 6832C8121FAFF03700E8A75B /* Build configuration list for PBXProject "wdRankDemo" */;
			compatibilityVersion = "Xcode 3.2";
			developmentRegion = English;
			hasScannedForEncodings = 0;
			knownRegions = (
				en,
				Base,
			);
			mainGroup = 6832C80E1FAFF03700E8A75B;
			productRefGroup = 6832C8181FAFF03700E8A75B /* Products */;
			projectDirPath = "";
			projectRoot = "";
			targets = (
				6832C8161FAFF03700E8A75B /* wdRankDemo */,
				6832C82F1FAFF03700E8A75B /* wdRankDemoTests */,
				6832C83A1FAFF03700E8A75B /* wdRankDemoUITests */,
			);
		};
/* End PBXProject section */

/* Begin PBXResourcesBuildPhase section */
		6832C8151FAFF03700E8A75B /* Resources */ = {
			isa = PBXResourcesBuildPhase;
			buildActionMask = 2147483647;
			files = (
				6832C82A1FAFF03700E8A75B /* LaunchScreen.storyboard in Resources */,
				6832C8271FAFF03700E8A75B /* Assets.xcassets in Resources */,
				6832C8251FAFF03700E8A75B /* Main.storyboard in Resources */,
			);
			runOnlyForDeploymentPostprocessing = 0;
		};
		6832C82E1FAFF03700E8A75B /* Resources */ = {
			isa = PBXResourcesBuildPhase;
			buildActionMask = 2147483647;
			files = (
			);
			runOnlyForDeploymentPostprocessing = 0;
		};
		6832C8391FAFF03700E8A75B /* Resources */ = {
			isa = PBXResourcesBuildPhase;
			buildActionMask = 2147483647;
			files = (
			);
			runOnlyForDeploymentPostprocessing = 0;
		};
/* End PBXResourcesBuildPhase section */

/* Begin PBXSourcesBuildPhase section */
		6832C8131FAFF03700E8A75B /* Sources */ = {
			isa = PBXSourcesBuildPhase;
			buildActionMask = 2147483647;
			files = (
				6832C8221FAFF03700E8A75B /* ViewController.m in Sources */,
				6832C81F1FAFF03700E8A75B /* AppDelegate.m in Sources */,
				685362C31FB995E9008F40E5 /* WDRankingView.m in Sources */,
				6832C81C1FAFF03700E8A75B /* main.m in Sources */,
			);
			runOnlyForDeploymentPostprocessing = 0;
		};
		6832C82C1FAFF03700E8A75B /* Sources */ = {
			isa = PBXSourcesBuildPhase;
			buildActionMask = 2147483647;
			files = (
				6832C8351FAFF03700E8A75B /* wdRankDemoTests.m in Sources */,
			);
			runOnlyForDeploymentPostprocessing = 0;
		};
		6832C8371FAFF03700E8A75B /* Sources */ = {
			isa = PBXSourcesBuildPhase;
			buildActionMask = 2147483647;
			files = (
				6832C8401FAFF03700E8A75B /* wdRankDemoUITests.m in Sources */,
			);
			runOnlyForDeploymentPostprocessing = 0;
		};
/* End PBXSourcesBuildPhase section */

/* Begin PBXTargetDependency section */
		6832C8321FAFF03700E8A75B /* PBXTargetDependency */ = {
			isa = PBXTargetDependency;
			target = 6832C8161FAFF03700E8A75B /* wdRankDemo */;
			targetProxy = 6832C8311FAFF03700E8A75B /* PBXContainerItemProxy */;
		};
		6832C83D1FAFF03700E8A75B /* PBXTargetDependency */ = {
			isa = PBXTargetDependency;
			target = 6832C8161FAFF03700E8A75B /* wdRankDemo */;
			targetProxy = 6832C83C1FAFF03700E8A75B /* PBXContainerItemProxy */;
		};
/* End PBXTargetDependency section */

/* Begin PBXVariantGroup section */
		6832C8231FAFF03700E8A75B /* Main.storyboard */ = {
			isa = PBXVariantGroup;
			children = (
				6832C8241FAFF03700E8A75B /* Base */,
			);
			name = Main.storyboard;
			sourceTree = "<group>";
		};
		6832C8281FAFF03700E8A75B /* LaunchScreen.storyboard */ = {
			isa = PBXVariantGroup;
			children = (
				6832C8291FAFF03700E8A75B /* Base */,
			);
			name = LaunchScreen.storyboard;
			sourceTree = "<group>";
		};
/* End PBXVariantGroup section */

/* Begin XCBuildConfiguration section */
		6832C8421FAFF03700E8A75B /* Debug */ = {
			isa = XCBuildConfiguration;
			buildSettings = {
				ALWAYS_SEARCH_USER_PATHS = NO;
				CLANG_ANALYZER_NONNULL = YES;
				CLANG_ANALYZER_NUMBER_OBJECT_CONVERSION = YES_AGGRESSIVE;
				CLANG_CXX_LANGUAGE_STANDARD = "gnu++0x";
				CLANG_CXX_LIBRARY = "libc++";
				CLANG_ENABLE_MODULES = YES;
				CLANG_ENABLE_OBJC_ARC = YES;
				CLANG_WARN_BOOL_CONVERSION = YES;
				CLANG_WARN_CONSTANT_CONVERSION = YES;
				CLANG_WARN_DIRECT_OBJC_ISA_USAGE = YES_ERROR;
				CLANG_WARN_DOCUMENTATION_COMMENTS = YES;
				CLANG_WARN_EMPTY_BODY = YES;
				CLANG_WARN_ENUM_CONVERSION = YES;
				CLANG_WARN_INFINITE_RECURSION = YES;
				CLANG_WARN_INT_CONVERSION = YES;
				CLANG_WARN_OBJC_ROOT_CLASS = YES_ERROR;
				CLANG_WARN_SUSPICIOUS_MOVE = YES;
				CLANG_WARN_UNREACHABLE_CODE = YES;
				CLANG_WARN__DUPLICATE_METHOD_MATCH = YES;
				"CODE_SIGN_IDENTITY[sdk=iphoneos*]" = "iPhone Developer";
				COPY_PHASE_STRIP = NO;
				DEBUG_INFORMATION_FORMAT = dwarf;
				ENABLE_STRICT_OBJC_MSGSEND = YES;
				ENABLE_TESTABILITY = YES;
				GCC_C_LANGUAGE_STANDARD = gnu99;
				GCC_DYNAMIC_NO_PIC = NO;
				GCC_NO_COMMON_BLOCKS = YES;
				GCC_OPTIMIZATION_LEVEL = 0;
				GCC_PREPROCESSOR_DEFINITIONS = (
					"DEBUG=1",
					"$(inherited)",
				);
				GCC_WARN_64_TO_32_BIT_CONVERSION = YES;
				GCC_WARN_ABOUT_RETURN_TYPE = YES_ERROR;
				GCC_WARN_UNDECLARED_SELECTOR = YES;
				GCC_WARN_UNINITIALIZED_AUTOS = YES_AGGRESSIVE;
				GCC_WARN_UNUSED_FUNCTION = YES;
				GCC_WARN_UNUSED_VARIABLE = YES;
				IPHONEOS_DEPLOYMENT_TARGET = 10.3;
				MTL_ENABLE_DEBUG_INFO = YES;
				ONLY_ACTIVE_ARCH = YES;
				SDKROOT = iphoneos;
				TARGETED_DEVICE_FAMILY = "1,2";
			};
			name = Debug;
		};
		6832C8431FAFF03700E8A75B /* Release */ = {
			isa = XCBuildConfiguration;
			buildSettings = {
				ALWAYS_SEARCH_USER_PATHS = NO;
				CLANG_ANALYZER_NONNULL = YES;
				CLANG_ANALYZER_NUMBER_OBJECT_CONVERSION = YES_AGGRESSIVE;
				CLANG_CXX_LANGUAGE_STANDARD = "gnu++0x";
				CLANG_CXX_LIBRARY = "libc++";
				CLANG_ENABLE_MODULES = YES;
				CLANG_ENABLE_OBJC_ARC = YES;
				CLANG_WARN_BOOL_CONVERSION = YES;
				CLANG_WARN_CONSTANT_CONVERSION = YES;
				CLANG_WARN_DIRECT_OBJC_ISA_USAGE = YES_ERROR;
				CLANG_WARN_DOCUMENTATION_COMMENTS = YES;
				CLANG_WARN_EMPTY_BODY = YES;
				CLANG_WARN_ENUM_CONVERSION = YES;
				CLANG_WARN_INFINITE_RECURSION = YES;
				CLANG_WARN_INT_CONVERSION = YES;
				CLANG_WARN_OBJC_ROOT_CLASS = YES_ERROR;
				CLANG_WARN_SUSPICIOUS_MOVE = YES;
				CLANG_WARN_UNREACHABLE_CODE = YES;
				CLANG_WARN__DUPLICATE_METHOD_MATCH = YES;
				"CODE_SIGN_IDENTITY[sdk=iphoneos*]" = "iPhone Developer";
				COPY_PHASE_STRIP = NO;
				DEBUG_INFORMATION_FORMAT = "dwarf-with-dsym";
				ENABLE_NS_ASSERTIONS = NO;
				ENABLE_STRICT_OBJC_MSGSEND = YES;
				GCC_C_LANGUAGE_STANDARD = gnu99;
				GCC_NO_COMMON_BLOCKS = YES;
				GCC_WARN_64_TO_32_BIT_CONVERSION = YES;
				GCC_WARN_ABOUT_RETURN_TYPE = YES_ERROR;
				GCC_WARN_UNDECLARED_SELECTOR = YES;
				GCC_WARN_UNINITIALIZED_AUTOS = YES_AGGRESSIVE;
				GCC_WARN_UNUSED_FUNCTION = YES;
				GCC_WARN_UNUSED_VARIABLE = YES;
				IPHONEOS_DEPLOYMENT_TARGET = 10.3;
				MTL_ENABLE_DEBUG_INFO = NO;
				SDKROOT = iphoneos;
				TARGETED_DEVICE_FAMILY = "1,2";
				VALIDATE_PRODUCT = YES;
			};
			name = Release;
		};
		6832C8451FAFF03700E8A75B /* Debug */ = {
			isa = XCBuildConfiguration;
			buildSettings = {
				ASSETCATALOG_COMPILER_APPICON_NAME = AppIcon;
				DEVELOPMENT_TEAM = DJ6J6WLK86;
				INFOPLIST_FILE = wdRankDemo/Info.plist;
				LD_RUNPATH_SEARCH_PATHS = "$(inherited) @executable_path/Frameworks";
				PRODUCT_BUNDLE_IDENTIFIER = WD.wdRankDemo;
				PRODUCT_NAME = "$(TARGET_NAME)";
			};
			name = Debug;
		};
		6832C8461FAFF03700E8A75B /* Release */ = {
			isa = XCBuildConfiguration;
			buildSettings = {
				ASSETCATALOG_COMPILER_APPICON_NAME = AppIcon;
				DEVELOPMENT_TEAM = DJ6J6WLK86;
				INFOPLIST_FILE = wdRankDemo/Info.plist;
				LD_RUNPATH_SEARCH_PATHS = "$(inherited) @executable_path/Frameworks";
				PRODUCT_BUNDLE_IDENTIFIER = WD.wdRankDemo;
				PRODUCT_NAME = "$(TARGET_NAME)";
			};
			name = Release;
		};
		6832C8481FAFF03700E8A75B /* Debug */ = {
			isa = XCBuildConfiguration;
			buildSettings = {
				BUNDLE_LOADER = "$(TEST_HOST)";
				INFOPLIST_FILE = wdRankDemoTests/Info.plist;
				LD_RUNPATH_SEARCH_PATHS = "$(inherited) @executable_path/Frameworks @loader_path/Frameworks";
				PRODUCT_BUNDLE_IDENTIFIER = WD.wdRankDemoTests;
				PRODUCT_NAME = "$(TARGET_NAME)";
				TEST_HOST = "$(BUILT_PRODUCTS_DIR)/wdRankDemo.app/wdRankDemo";
			};
			name = Debug;
		};
		6832C8491FAFF03700E8A75B /* Release */ = {
			isa = XCBuildConfiguration;
			buildSettings = {
				BUNDLE_LOADER = "$(TEST_HOST)";
				INFOPLIST_FILE = wdRankDemoTests/Info.plist;
				LD_RUNPATH_SEARCH_PATHS = "$(inherited) @executable_path/Frameworks @loader_path/Frameworks";
				PRODUCT_BUNDLE_IDENTIFIER = WD.wdRankDemoTests;
				PRODUCT_NAME = "$(TARGET_NAME)";
				TEST_HOST = "$(BUILT_PRODUCTS_DIR)/wdRankDemo.app/wdRankDemo";
			};
			name = Release;
		};
		6832C84B1FAFF03700E8A75B /* Debug */ = {
			isa = XCBuildConfiguration;
			buildSettings = {
				INFOPLIST_FILE = wdRankDemoUITests/Info.plist;
				LD_RUNPATH_SEARCH_PATHS = "$(inherited) @executable_path/Frameworks @loader_path/Frameworks";
				PRODUCT_BUNDLE_IDENTIFIER = WD.wdRankDemoUITests;
				PRODUCT_NAME = "$(TARGET_NAME)";
				TEST_TARGET_NAME = wdRankDemo;
			};
			name = Debug;
		};
		6832C84C1FAFF03700E8A75B /* Release */ = {
			isa = XCBuildConfiguration;
			buildSettings = {
				INFOPLIST_FILE = wdRankDemoUITests/Info.plist;
				LD_RUNPATH_SEARCH_PATHS = "$(inherited) @executable_path/Frameworks @loader_path/Frameworks";
				PRODUCT_BUNDLE_IDENTIFIER = WD.wdRankDemoUITests;
				PRODUCT_NAME = "$(TARGET_NAME)";
				TEST_TARGET_NAME = wdRankDemo;
			};
			name = Release;
		};
/* End XCBuildConfiguration section */

/* Begin XCConfigurationList section */
		6832C8121FAFF03700E8A75B /* Build configuration list for PBXProject "wdRankDemo" */ = {
			isa = XCConfigurationList;
			buildConfigurations = (
				6832C8421FAFF03700E8A75B /* Debug */,
				6832C8431FAFF03700E8A75B /* Release */,
			);
			defaultConfigurationIsVisible = 0;
			defaultConfigurationName = Release;
		};
		6832C8441FAFF03700E8A75B /* Build configuration list for PBXNativeTarget "wdRankDemo" */ = {
			isa = XCConfigurationList;
			buildConfigurations = (
				6832C8451FAFF03700E8A75B /* Debug */,
				6832C8461FAFF03700E8A75B /* Release */,
			);
			defaultConfigurationIsVisible = 0;
			defaultConfigurationName = Release;
		};
		6832C8471FAFF03700E8A75B /* Build configuration list for PBXNativeTarget "wdRankDemoTests" */ = {
			isa = XCConfigurationList;
			buildConfigurations = (
				6832C8481FAFF03700E8A75B /* Debug */,
				6832C8491FAFF03700E8A75B /* Release */,
			);
			defaultConfigurationIsVisible = 0;
			defaultConfigurationName = Release;
		};
		6832C84A1FAFF03700E8A75B /* Build configuration list for PBXNativeTarget "wdRankDemoUITests" */ = {
			isa = XCConfigurationList;
			buildConfigurations = (
				6832C84B1FAFF03700E8A75B /* Debug */,
				6832C84C1FAFF03700E8A75B /* Release */,
			);
			defaultConfigurationIsVisible = 0;
			defaultConfigurationName = Release;
		};
/* End XCConfigurationList section */
	};
	rootObject = 6832C80F1FAFF03700E8A75B /* Project object */;
}
