// !$*UTF8*$!
{
	archiveVersion = 1;
	classes = {
	};
	objectVersion = 48;
	objects = {

/* Begin PBXBuildFile section */
		688EAD6C1FD3C60F000BDBD3 /* AppDelegate.m in Sources */ = {isa = PBXBuildFile; fileRef = 688EAD6B1FD3C60F000BDBD3 /* AppDelegate.m */; };
		688EAD721FD3C60F000BDBD3 /* Main.storyboard in Resources */ = {isa = PBXBuildFile; fileRef = 688EAD701FD3C60F000BDBD3 /* Main.storyboard */; };
		688EAD741FD3C60F000BDBD3 /* Assets.xcassets in Resources */ = {isa = PBXBuildFile; fileRef = 688EAD731FD3C60F000BDBD3 /* Assets.xcassets */; };
		688EAD771FD3C60F000BDBD3 /* LaunchScreen.storyboard in Resources */ = {isa = PBXBuildFile; fileRef = 688EAD751FD3C60F000BDBD3 /* LaunchScreen.storyboard */; };
		688EAD7A1FD3C60F000BDBD3 /* main.m in Sources */ = {isa = PBXBuildFile; fileRef = 688EAD791FD3C60F000BDBD3 /* main.m */; };
		688EAD841FD3C60F000BDBD3 /* WDRacDemoTests.m in Sources */ = {isa = PBXBuildFile; fileRef = 688EAD831FD3C60F000BDBD3 /* WDRacDemoTests.m */; };
		688EAD8F1FD3C60F000BDBD3 /* WDRacDemoUITests.m in Sources */ = {isa = PBXBuildFile; fileRef = 688EAD8E1FD3C60F000BDBD3 /* WDRacDemoUITests.m */; };
		68DC2B0B1FD56F8000CFBA77 /* ViewController.m in Sources */ = {isa = PBXBuildFile; fileRef = 68DC2B071FD56F8000CFBA77 /* ViewController.m */; };
		68DC2B0C1FD56F8000CFBA77 /* LoginViewModel.m in Sources */ = {isa = PBXBuildFile; fileRef = 68DC2B0A1FD56F8000CFBA77 /* LoginViewModel.m */; };
		68DC2B181FD5701300CFBA77 /* HomePageViewController.m in Sources */ = {isa = PBXBuildFile; fileRef = 68DC2B161FD5701300CFBA77 /* HomePageViewController.m */; };
		68DC2B191FD5701300CFBA77 /* HomePageViewController.xib in Resources */ = {isa = PBXBuildFile; fileRef = 68DC2B171FD5701300CFBA77 /* HomePageViewController.xib */; };
		68DC2B1C1FD5707F00CFBA77 /* HomePageViewModel.m in Sources */ = {isa = PBXBuildFile; fileRef = 68DC2B1B1FD5707F00CFBA77 /* HomePageViewModel.m */; };
		68DC2B1F1FD570DD00CFBA77 /* HomePageModel.m in Sources */ = {isa = PBXBuildFile; fileRef = 68DC2B1E1FD570DD00CFBA77 /* HomePageModel.m */; };
		68DC2B231FD5717500CFBA77 /* HomePageTableViewCell.m in Sources */ = {isa = PBXBuildFile; fileRef = 68DC2B211FD5717500CFBA77 /* HomePageTableViewCell.m */; };
		68DC2B241FD5717500CFBA77 /* HomePageTableViewCell.xib in Resources */ = {isa = PBXBuildFile; fileRef = 68DC2B221FD5717500CFBA77 /* HomePageTableViewCell.xib */; };
		CF12328E325C6E4F767780C8 /* libPods-WDRacDemo.a in Frameworks */ = {isa = PBXBuildFile; fileRef = 3E890AB55D6E053AAE3C728C /* libPods-WDRacDemo.a */; };
/* End PBXBuildFile section */

/* Begin PBXContainerItemProxy section */
		688EAD801FD3C60F000BDBD3 /* PBXContainerItemProxy */ = {
			isa = PBXContainerItemProxy;
			containerPortal = 688EAD5F1FD3C60F000BDBD3 /* Project object */;
			proxyType = 1;
			remoteGlobalIDString = 688EAD661FD3C60F000BDBD3;
			remoteInfo = WDRacDemo;
		};
		688EAD8B1FD3C60F000BDBD3 /* PBXContainerItemProxy */ = {
			isa = PBXContainerItemProxy;
			containerPortal = 688EAD5F1FD3C60F000BDBD3 /* Project object */;
			proxyType = 1;
			remoteGlobalIDString = 688EAD661FD3C60F000BDBD3;
			remoteInfo = WDRacDemo;
		};
/* End PBXContainerItemProxy section */

/* Begin PBXFileReference section */
		3E890AB55D6E053AAE3C728C /* libPods-WDRacDemo.a */ = {isa = PBXFileReference; explicitFileType = archive.ar; includeInIndex = 0; path = "libPods-WDRacDemo.a"; sourceTree = BUILT_PRODUCTS_DIR; };
		688EAD671FD3C60F000BDBD3 /* WDRacDemo.app */ = {isa = PBXFileReference; explicitFileType = wrapper.application; includeInIndex = 0; path = WDRacDemo.app; sourceTree = BUILT_PRODUCTS_DIR; };
		688EAD6A1FD3C60F000BDBD3 /* AppDelegate.h */ = {isa = PBXFileReference; lastKnownFileType = sourcecode.c.h; path = AppDelegate.h; sourceTree = "<group>"; };
		688EAD6B1FD3C60F000BDBD3 /* AppDelegate.m */ = {isa = PBXFileReference; lastKnownFileType = sourcecode.c.objc; path = AppDelegate.m; sourceTree = "<group>"; };
		688EAD711FD3C60F000BDBD3 /* Base */ = {isa = PBXFileReference; lastKnownFileType = file.storyboard; name = Base; path = Base.lproj/Main.storyboard; sourceTree = "<group>"; };
		688EAD731FD3C60F000BDBD3 /* Assets.xcassets */ = {isa = PBXFileReference; lastKnownFileType = folder.assetcatalog; path = Assets.xcassets; sourceTree = "<group>"; };
		688EAD761FD3C60F000BDBD3 /* Base */ = {isa = PBXFileReference; lastKnownFileType = file.storyboard; name = Base; path = Base.lproj/LaunchScreen.storyboard; sourceTree = "<group>"; };
		688EAD781FD3C60F000BDBD3 /* Info.plist */ = {isa = PBXFileReference; lastKnownFileType = text.plist.xml; path = Info.plist; sourceTree = "<group>"; };
		688EAD791FD3C60F000BDBD3 /* main.m */ = {isa = PBXFileReference; lastKnownFileType = sourcecode.c.objc; path = main.m; sourceTree = "<group>"; };
		688EAD7F1FD3C60F000BDBD3 /* WDRacDemoTests.xctest */ = {isa = PBXFileReference; explicitFileType = wrapper.cfbundle; includeInIndex = 0; path = WDRacDemoTests.xctest; sourceTree = BUILT_PRODUCTS_DIR; };
		688EAD831FD3C60F000BDBD3 /* WDRacDemoTests.m */ = {isa = PBXFileReference; lastKnownFileType = sourcecode.c.objc; path = WDRacDemoTests.m; sourceTree = "<group>"; };
		688EAD851FD3C60F000BDBD3 /* Info.plist */ = {isa = PBXFileReference; lastKnownFileType = text.plist.xml; path = Info.plist; sourceTree = "<group>"; };
		688EAD8A1FD3C60F000BDBD3 /* WDRacDemoUITests.xctest */ = {isa = PBXFileReference; explicitFileType = wrapper.cfbundle; includeInIndex = 0; path = WDRacDemoUITests.xctest; sourceTree = BUILT_PRODUCTS_DIR; };
		688EAD8E1FD3C60F000BDBD3 /* WDRacDemoUITests.m */ = {isa = PBXFileReference; lastKnownFileType = sourcecode.c.objc; path = WDRacDemoUITests.m; sourceTree = "<group>"; };
		688EAD901FD3C60F000BDBD3 /* Info.plist */ = {isa = PBXFileReference; lastKnownFileType = text.plist.xml; path = Info.plist; sourceTree = "<group>"; };
		68DC2B061FD56F8000CFBA77 /* ViewController.h */ = {isa = PBXFileReference; fileEncoding = 4; lastKnownFileType = sourcecode.c.h; path = ViewController.h; sourceTree = "<group>"; };
		68DC2B071FD56F8000CFBA77 /* ViewController.m */ = {isa = PBXFileReference; fileEncoding = 4; lastKnownFileType = sourcecode.c.objc; path = ViewController.m; sourceTree = "<group>"; };
		68DC2B091FD56F8000CFBA77 /* LoginViewModel.h */ = {isa = PBXFileReference; fileEncoding = 4; lastKnownFileType = sourcecode.c.h; path = LoginViewModel.h; sourceTree = "<group>"; };
		68DC2B0A1FD56F8000CFBA77 /* LoginViewModel.m */ = {isa = PBXFileReference; fileEncoding = 4; lastKnownFileType = sourcecode.c.objc; path = LoginViewModel.m; sourceTree = "<group>"; };
		68DC2B151FD5701300CFBA77 /* HomePageViewController.h */ = {isa = PBXFileReference; lastKnownFileType = sourcecode.c.h; path = HomePageViewController.h; sourceTree = "<group>"; };
		68DC2B161FD5701300CFBA77 /* HomePageViewController.m */ = {isa = PBXFileReference; lastKnownFileType = sourcecode.c.objc; path = HomePageViewController.m; sourceTree = "<group>"; };
		68DC2B171FD5701300CFBA77 /* HomePageViewController.xib */ = {isa = PBXFileReference; lastKnownFileType = file.xib; path = HomePageViewController.xib; sourceTree = "<group>"; };
		68DC2B1A1FD5707F00CFBA77 /* HomePageViewModel.h */ = {isa = PBXFileReference; lastKnownFileType = sourcecode.c.h; path = HomePageViewModel.h; sourceTree = "<group>"; };
		68DC2B1B1FD5707F00CFBA77 /* HomePageViewModel.m */ = {isa = PBXFileReference; lastKnownFileType = sourcecode.c.objc; path = HomePageViewModel.m; sourceTree = "<group>"; };
		68DC2B1D1FD570DD00CFBA77 /* HomePageModel.h */ = {isa = PBXFileReference; lastKnownFileType = sourcecode.c.h; path = HomePageModel.h; sourceTree = "<group>"; };
		68DC2B1E1FD570DD00CFBA77 /* HomePageModel.m */ = {isa = PBXFileReference; lastKnownFileType = sourcecode.c.objc; path = HomePageModel.m; sourceTree = "<group>"; };
		68DC2B201FD5717500CFBA77 /* HomePageTableViewCell.h */ = {isa = PBXFileReference; lastKnownFileType = sourcecode.c.h; path = HomePageTableViewCell.h; sourceTree = "<group>"; };
		68DC2B211FD5717500CFBA77 /* HomePageTableViewCell.m */ = {isa = PBXFileReference; lastKnownFileType = sourcecode.c.objc; path = HomePageTableViewCell.m; sourceTree = "<group>"; };
		68DC2B221FD5717500CFBA77 /* HomePageTableViewCell.xib */ = {isa = PBXFileReference; lastKnownFileType = file.xib; path = HomePageTableViewCell.xib; sourceTree = "<group>"; };
		9C84C376D2694DD20805306A /* Pods-WDRacDemo.debug.xcconfig */ = {isa = PBXFileReference; includeInIndex = 1; lastKnownFileType = text.xcconfig; name = "Pods-WDRacDemo.debug.xcconfig"; path = "Pods/Target Support Files/Pods-WDRacDemo/Pods-WDRacDemo.debug.xcconfig"; sourceTree = "<group>"; };
		B9B5F0E6658BF9F7472C8994 /* Pods-WDRacDemo.release.xcconfig */ = {isa = PBXFileReference; includeInIndex = 1; lastKnownFileType = text.xcconfig; name = "Pods-WDRacDemo.release.xcconfig"; path = "Pods/Target Support Files/Pods-WDRacDemo/Pods-WDRacDemo.release.xcconfig"; sourceTree = "<group>"; };
/* End PBXFileReference section */

/* Begin PBXFrameworksBuildPhase section */
		688EAD641FD3C60F000BDBD3 /* Frameworks */ = {
			isa = PBXFrameworksBuildPhase;
			buildActionMask = 2147483647;
			files = (
				CF12328E325C6E4F767780C8 /* libPods-WDRacDemo.a in Frameworks */,
			);
			runOnlyForDeploymentPostprocessing = 0;
		};
		688EAD7C1FD3C60F000BDBD3 /* Frameworks */ = {
			isa = PBXFrameworksBuildPhase;
			buildActionMask = 2147483647;
			files = (
			);
			runOnlyForDeploymentPostprocessing = 0;
		};
		688EAD871FD3C60F000BDBD3 /* Frameworks */ = {
			isa = PBXFrameworksBuildPhase;
			buildActionMask = 2147483647;
			files = (
			);
			runOnlyForDeploymentPostprocessing = 0;
		};
/* End PBXFrameworksBuildPhase section */

/* Begin PBXGroup section */
		5EB45237921CE2A4FBA6C524 /* Frameworks */ = {
			isa = PBXGroup;
			children = (
				3E890AB55D6E053AAE3C728C /* libPods-WDRacDemo.a */,
			);
			name = Frameworks;
			sourceTree = "<group>";
		};
		688EAD5E1FD3C60F000BDBD3 = {
			isa = PBXGroup;
			children = (
				688EAD691FD3C60F000BDBD3 /* WDRacDemo */,
				688EAD821FD3C60F000BDBD3 /* WDRacDemoTests */,
				688EAD8D1FD3C60F000BDBD3 /* WDRacDemoUITests */,
				688EAD681FD3C60F000BDBD3 /* Products */,
				B651995517F14268A6FD2FAA /* Pods */,
				5EB45237921CE2A4FBA6C524 /* Frameworks */,
			);
			sourceTree = "<group>";
		};
		688EAD681FD3C60F000BDBD3 /* Products */ = {
			isa = PBXGroup;
			children = (
				688EAD671FD3C60F000BDBD3 /* WDRacDemo.app */,
				688EAD7F1FD3C60F000BDBD3 /* WDRacDemoTests.xctest */,
				688EAD8A1FD3C60F000BDBD3 /* WDRacDemoUITests.xctest */,
			);
			name = Products;
			sourceTree = "<group>";
		};
		688EAD691FD3C60F000BDBD3 /* WDRacDemo */ = {
			isa = PBXGroup;
			children = (
				688EAD6A1FD3C60F000BDBD3 /* AppDelegate.h */,
				688EAD6B1FD3C60F000BDBD3 /* AppDelegate.m */,
				68DC2B021FD56F8000CFBA77 /* Login */,
				68DC2B0D1FD56FBA00CFBA77 /* HomePage */,
				688EAD701FD3C60F000BDBD3 /* Main.storyboard */,
				688EAD731FD3C60F000BDBD3 /* Assets.xcassets */,
				688EAD751FD3C60F000BDBD3 /* LaunchScreen.storyboard */,
				688EAD781FD3C60F000BDBD3 /* Info.plist */,
				688EAD791FD3C60F000BDBD3 /* main.m */,
			);
			path = WDRacDemo;
			sourceTree = "<group>";
		};
		688EAD821FD3C60F000BDBD3 /* WDRacDemoTests */ = {
			isa = PBXGroup;
			children = (
				688EAD831FD3C60F000BDBD3 /* WDRacDemoTests.m */,
				688EAD851FD3C60F000BDBD3 /* Info.plist */,
			);
			path = WDRacDemoTests;
			sourceTree = "<group>";
		};
		688EAD8D1FD3C60F000BDBD3 /* WDRacDemoUITests */ = {
			isa = PBXGroup;
			children = (
				688EAD8E1FD3C60F000BDBD3 /* WDRacDemoUITests.m */,
				688EAD901FD3C60F000BDBD3 /* Info.plist */,
			);
			path = WDRacDemoUITests;
			sourceTree = "<group>";
		};
		68DC2B021FD56F8000CFBA77 /* Login */ = {
			isa = PBXGroup;
			children = (
				68DC2B031FD56F8000CFBA77 /* Model */,
				68DC2B041FD56F8000CFBA77 /* View */,
				68DC2B051FD56F8000CFBA77 /* ViewController */,
				68DC2B081FD56F8000CFBA77 /* ViewModel */,
			);
			path = Login;
			sourceTree = "<group>";
		};
		68DC2B031FD56F8000CFBA77 /* Model */ = {
			isa = PBXGroup;
			children = (
			);
			path = Model;
			sourceTree = "<group>";
		};
		68DC2B041FD56F8000CFBA77 /* View */ = {
			isa = PBXGroup;
			children = (
			);
			path = View;
			sourceTree = "<group>";
		};
		68DC2B051FD56F8000CFBA77 /* ViewController */ = {
			isa = PBXGroup;
			children = (
				68DC2B061FD56F8000CFBA77 /* ViewController.h */,
				68DC2B071FD56F8000CFBA77 /* ViewController.m */,
			);
			path = ViewController;
			sourceTree = "<group>";
		};
		68DC2B081FD56F8000CFBA77 /* ViewModel */ = {
			isa = PBXGroup;
			children = (
				68DC2B091FD56F8000CFBA77 /* LoginViewModel.h */,
				68DC2B0A1FD56F8000CFBA77 /* LoginViewModel.m */,
			);
			path = ViewModel;
			sourceTree = "<group>";
		};
		68DC2B0D1FD56FBA00CFBA77 /* HomePage */ = {
			isa = PBXGroup;
			children = (
				68DC2B0E1FD56FBA00CFBA77 /* Model */,
				68DC2B0F1FD56FBA00CFBA77 /* View */,
				68DC2B101FD56FBA00CFBA77 /* ViewController */,
				68DC2B111FD56FBA00CFBA77 /* ViewModel */,
			);
			path = HomePage;
			sourceTree = "<group>";
		};
		68DC2B0E1FD56FBA00CFBA77 /* Model */ = {
			isa = PBXGroup;
			children = (
				68DC2B1D1FD570DD00CFBA77 /* HomePageModel.h */,
				68DC2B1E1FD570DD00CFBA77 /* HomePageModel.m */,
			);
			path = Model;
			sourceTree = "<group>";
		};
		68DC2B0F1FD56FBA00CFBA77 /* View */ = {
			isa = PBXGroup;
			children = (
				68DC2B201FD5717500CFBA77 /* HomePageTableViewCell.h */,
				68DC2B211FD5717500CFBA77 /* HomePageTableViewCell.m */,
				68DC2B221FD5717500CFBA77 /* HomePageTableViewCell.xib */,
			);
			path = View;
			sourceTree = "<group>";
		};
		68DC2B101FD56FBA00CFBA77 /* ViewController */ = {
			isa = PBXGroup;
			children = (
				68DC2B151FD5701300CFBA77 /* HomePageViewController.h */,
				68DC2B161FD5701300CFBA77 /* HomePageViewController.m */,
				68DC2B171FD5701300CFBA77 /* HomePageViewController.xib */,
			);
			path = ViewController;
			sourceTree = "<group>";
		};
		68DC2B111FD56FBA00CFBA77 /* ViewModel */ = {
			isa = PBXGroup;
			children = (
				68DC2B1A1FD5707F00CFBA77 /* HomePageViewModel.h */,
				68DC2B1B1FD5707F00CFBA77 /* HomePageViewModel.m */,
			);
			path = ViewModel;
			sourceTree = "<group>";
		};
		B651995517F14268A6FD2FAA /* Pods */ = {
			isa = PBXGroup;
			children = (
				9C84C376D2694DD20805306A /* Pods-WDRacDemo.debug.xcconfig */,
				B9B5F0E6658BF9F7472C8994 /* Pods-WDRacDemo.release.xcconfig */,
			);
			name = Pods;
			sourceTree = "<group>";
		};
/* End PBXGroup section */

/* Begin PBXNativeTarget section */
		688EAD661FD3C60F000BDBD3 /* WDRacDemo */ = {
			isa = PBXNativeTarget;
			buildConfigurationList = 688EAD931FD3C60F000BDBD3 /* Build configuration list for PBXNativeTarget "WDRacDemo" */;
			buildPhases = (
				E9CD3EA13FDB92EF596D3DC2 /* [CP] Check Pods Manifest.lock */,
				688EAD631FD3C60F000BDBD3 /* Sources */,
				688EAD641FD3C60F000BDBD3 /* Frameworks */,
				688EAD651FD3C60F000BDBD3 /* Resources */,
				A5032EF05A539778CDAF3328 /* [CP] Embed Pods Frameworks */,
				5E77556F2E7032F1C6EE2026 /* [CP] Copy Pods Resources */,
			);
			buildRules = (
			);
			dependencies = (
			);
			name = WDRacDemo;
			productName = WDRacDemo;
			productReference = 688EAD671FD3C60F000BDBD3 /* WDRacDemo.app */;
			productType = "com.apple.product-type.application";
		};
		688EAD7E1FD3C60F000BDBD3 /* WDRacDemoTests */ = {
			isa = PBXNativeTarget;
			buildConfigurationList = 688EAD961FD3C60F000BDBD3 /* Build configuration list for PBXNativeTarget "WDRacDemoTests" */;
			buildPhases = (
				688EAD7B1FD3C60F000BDBD3 /* Sources */,
				688EAD7C1FD3C60F000BDBD3 /* Frameworks */,
				688EAD7D1FD3C60F000BDBD3 /* Resources */,
			);
			buildRules = (
			);
			dependencies = (
				688EAD811FD3C60F000BDBD3 /* PBXTargetDependency */,
			);
			name = WDRacDemoTests;
			productName = WDRacDemoTests;
			productReference = 688EAD7F1FD3C60F000BDBD3 /* WDRacDemoTests.xctest */;
			productType = "com.apple.product-type.bundle.unit-test";
		};
		688EAD891FD3C60F000BDBD3 /* WDRacDemoUITests */ = {
			isa = PBXNativeTarget;
			buildConfigurationList = 688EAD991FD3C60F000BDBD3 /* Build configuration list for PBXNativeTarget "WDRacDemoUITests" */;
			buildPhases = (
				688EAD861FD3C60F000BDBD3 /* Sources */,
				688EAD871FD3C60F000BDBD3 /* Frameworks */,
				688EAD881FD3C60F000BDBD3 /* Resources */,
			);
			buildRules = (
			);
			dependencies = (
				688EAD8C1FD3C60F000BDBD3 /* PBXTargetDependency */,
			);
			name = WDRacDemoUITests;
			productName = WDRacDemoUITests;
			productReference = 688EAD8A1FD3C60F000BDBD3 /* WDRacDemoUITests.xctest */;
			productType = "com.apple.product-type.bundle.ui-testing";
		};
/* End PBXNativeTarget section */

/* Begin PBXProject section */
		688EAD5F1FD3C60F000BDBD3 /* Project object */ = {
			isa = PBXProject;
			attributes = {
				LastUpgradeCheck = 0910;
				ORGANIZATIONNAME = wd;
				TargetAttributes = {
					688EAD661FD3C60F000BDBD3 = {
						CreatedOnToolsVersion = 9.1;
						ProvisioningStyle = Automatic;
					};
					688EAD7E1FD3C60F000BDBD3 = {
						CreatedOnToolsVersion = 9.1;
						ProvisioningStyle = Automatic;
						TestTargetID = 688EAD661FD3C60F000BDBD3;
					};
					688EAD891FD3C60F000BDBD3 = {
						CreatedOnToolsVersion = 9.1;
						ProvisioningStyle = Automatic;
						TestTargetID = 688EAD661FD3C60F000BDBD3;
					};
				};
			};
			buildConfigurationList = 688EAD621FD3C60F000BDBD3 /* Build configuration list for PBXProject "WDRacDemo" */;
			compatibilityVersion = "Xcode 8.0";
			developmentRegion = en;
			hasScannedForEncodings = 0;
			knownRegions = (
				en,
				Base,
			);
			mainGroup = 688EAD5E1FD3C60F000BDBD3;
			productRefGroup = 688EAD681FD3C60F000BDBD3 /* Products */;
			projectDirPath = "";
			projectRoot = "";
			targets = (
				688EAD661FD3C60F000BDBD3 /* WDRacDemo */,
				688EAD7E1FD3C60F000BDBD3 /* WDRacDemoTests */,
				688EAD891FD3C60F000BDBD3 /* WDRacDemoUITests */,
			);
		};
/* End PBXProject section */

/* Begin PBXResourcesBuildPhase section */
		688EAD651FD3C60F000BDBD3 /* Resources */ = {
			isa = PBXResourcesBuildPhase;
			buildActionMask = 2147483647;
			files = (
				68DC2B241FD5717500CFBA77 /* HomePageTableViewCell.xib in Resources */,
				68DC2B191FD5701300CFBA77 /* HomePageViewController.xib in Resources */,
				688EAD771FD3C60F000BDBD3 /* LaunchScreen.storyboard in Resources */,
				688EAD741FD3C60F000BDBD3 /* Assets.xcassets in Resources */,
				688EAD721FD3C60F000BDBD3 /* Main.storyboard in Resources */,
			);
			runOnlyForDeploymentPostprocessing = 0;
		};
		688EAD7D1FD3C60F000BDBD3 /* Resources */ = {
			isa = PBXResourcesBuildPhase;
			buildActionMask = 2147483647;
			files = (
			);
			runOnlyForDeploymentPostprocessing = 0;
		};
		688EAD881FD3C60F000BDBD3 /* Resources */ = {
			isa = PBXResourcesBuildPhase;
			buildActionMask = 2147483647;
			files = (
			);
			runOnlyForDeploymentPostprocessing = 0;
		};
/* End PBXResourcesBuildPhase section */

/* Begin PBXShellScriptBuildPhase section */
		5E77556F2E7032F1C6EE2026 /* [CP] Copy Pods Resources */ = {
			isa = PBXShellScriptBuildPhase;
			buildActionMask = 2147483647;
			files = (
			);
			inputPaths = (
			);
			name = "[CP] Copy Pods Resources";
			outputPaths = (
			);
			runOnlyForDeploymentPostprocessing = 0;
			shellPath = /bin/sh;
			shellScript = "\"${SRCROOT}/Pods/Target Support Files/Pods-WDRacDemo/Pods-WDRacDemo-resources.sh\"\n";
			showEnvVarsInLog = 0;
		};
		A5032EF05A539778CDAF3328 /* [CP] Embed Pods Frameworks */ = {
			isa = PBXShellScriptBuildPhase;
			buildActionMask = 2147483647;
			files = (
			);
			inputPaths = (
			);
			name = "[CP] Embed Pods Frameworks";
			outputPaths = (
			);
			runOnlyForDeploymentPostprocessing = 0;
			shellPath = /bin/sh;
			shellScript = "\"${SRCROOT}/Pods/Target Support Files/Pods-WDRacDemo/Pods-WDRacDemo-frameworks.sh\"\n";
			showEnvVarsInLog = 0;
		};
		E9CD3EA13FDB92EF596D3DC2 /* [CP] Check Pods Manifest.lock */ = {
			isa = PBXShellScriptBuildPhase;
			buildActionMask = 2147483647;
			files = (
			);
			inputPaths = (
				"${PODS_PODFILE_DIR_PATH}/Podfile.lock",
				"${PODS_ROOT}/Manifest.lock",
			);
			name = "[CP] Check Pods Manifest.lock";
			outputPaths = (
				"$(DERIVED_FILE_DIR)/Pods-WDRacDemo-checkManifestLockResult.txt",
			);
			runOnlyForDeploymentPostprocessing = 0;
			shellPath = /bin/sh;
			shellScript = "diff \"${PODS_PODFILE_DIR_PATH}/Podfile.lock\" \"${PODS_ROOT}/Manifest.lock\" > /dev/null\nif [ $? != 0 ] ; then\n    # print error to STDERR\n    echo \"error: The sandbox is not in sync with the Podfile.lock. Run 'pod install' or update your CocoaPods installation.\" >&2\n    exit 1\nfi\n# This output is used by Xcode 'outputs' to avoid re-running this script phase.\necho \"SUCCESS\" > \"${SCRIPT_OUTPUT_FILE_0}\"\n";
			showEnvVarsInLog = 0;
		};
/* End PBXShellScriptBuildPhase section */

/* Begin PBXSourcesBuildPhase section */
		688EAD631FD3C60F000BDBD3 /* Sources */ = {
			isa = PBXSourcesBuildPhase;
			buildActionMask = 2147483647;
			files = (
				68DC2B1F1FD570DD00CFBA77 /* HomePageModel.m in Sources */,
				68DC2B1C1FD5707F00CFBA77 /* HomePageViewModel.m in Sources */,
				68DC2B0C1FD56F8000CFBA77 /* LoginViewModel.m in Sources */,
				68DC2B231FD5717500CFBA77 /* HomePageTableViewCell.m in Sources */,
				68DC2B0B1FD56F8000CFBA77 /* ViewController.m in Sources */,
				68DC2B181FD5701300CFBA77 /* HomePageViewController.m in Sources */,
				688EAD7A1FD3C60F000BDBD3 /* main.m in Sources */,
				688EAD6C1FD3C60F000BDBD3 /* AppDelegate.m in Sources */,
			);
			runOnlyForDeploymentPostprocessing = 0;
		};
		688EAD7B1FD3C60F000BDBD3 /* Sources */ = {
			isa = PBXSourcesBuildPhase;
			buildActionMask = 2147483647;
			files = (
				688EAD841FD3C60F000BDBD3 /* WDRacDemoTests.m in Sources */,
			);
			runOnlyForDeploymentPostprocessing = 0;
		};
		688EAD861FD3C60F000BDBD3 /* Sources */ = {
			isa = PBXSourcesBuildPhase;
			buildActionMask = 2147483647;
			files = (
				688EAD8F1FD3C60F000BDBD3 /* WDRacDemoUITests.m in Sources */,
			);
			runOnlyForDeploymentPostprocessing = 0;
		};
/* End PBXSourcesBuildPhase section */

/* Begin PBXTargetDependency section */
		688EAD811FD3C60F000BDBD3 /* PBXTargetDependency */ = {
			isa = PBXTargetDependency;
			target = 688EAD661FD3C60F000BDBD3 /* WDRacDemo */;
			targetProxy = 688EAD801FD3C60F000BDBD3 /* PBXContainerItemProxy */;
		};
		688EAD8C1FD3C60F000BDBD3 /* PBXTargetDependency */ = {
			isa = PBXTargetDependency;
			target = 688EAD661FD3C60F000BDBD3 /* WDRacDemo */;
			targetProxy = 688EAD8B1FD3C60F000BDBD3 /* PBXContainerItemProxy */;
		};
/* End PBXTargetDependency section */

/* Begin PBXVariantGroup section */
		688EAD701FD3C60F000BDBD3 /* Main.storyboard */ = {
			isa = PBXVariantGroup;
			children = (
				688EAD711FD3C60F000BDBD3 /* Base */,
			);
			name = Main.storyboard;
			sourceTree = "<group>";
		};
		688EAD751FD3C60F000BDBD3 /* LaunchScreen.storyboard */ = {
			isa = PBXVariantGroup;
			children = (
				688EAD761FD3C60F000BDBD3 /* Base */,
			);
			name = LaunchScreen.storyboard;
			sourceTree = "<group>";
		};
/* End PBXVariantGroup section */

/* Begin XCBuildConfiguration section */
		688EAD911FD3C60F000BDBD3 /* Debug */ = {
			isa = XCBuildConfiguration;
			buildSettings = {
				ALWAYS_SEARCH_USER_PATHS = NO;
				CLANG_ANALYZER_NONNULL = YES;
				CLANG_ANALYZER_NUMBER_OBJECT_CONVERSION = YES_AGGRESSIVE;
				CLANG_CXX_LANGUAGE_STANDARD = "gnu++14";
				CLANG_CXX_LIBRARY = "libc++";
				CLANG_ENABLE_MODULES = YES;
				CLANG_ENABLE_OBJC_ARC = YES;
				CLANG_WARN_BLOCK_CAPTURE_AUTORELEASING = YES;
				CLANG_WARN_BOOL_CONVERSION = YES;
				CLANG_WARN_COMMA = YES;
				CLANG_WARN_CONSTANT_CONVERSION = YES;
				CLANG_WARN_DIRECT_OBJC_ISA_USAGE = YES_ERROR;
				CLANG_WARN_DOCUMENTATION_COMMENTS = YES;
				CLANG_WARN_EMPTY_BODY = YES;
				CLANG_WARN_ENUM_CONVERSION = YES;
				CLANG_WARN_INFINITE_RECURSION = YES;
				CLANG_WARN_INT_CONVERSION = YES;
				CLANG_WARN_NON_LITERAL_NULL_CONVERSION = YES;
				CLANG_WARN_OBJC_LITERAL_CONVERSION = YES;
				CLANG_WARN_OBJC_ROOT_CLASS = YES_ERROR;
				CLANG_WARN_RANGE_LOOP_ANALYSIS = YES;
				CLANG_WARN_STRICT_PROTOTYPES = YES;
				CLANG_WARN_SUSPICIOUS_MOVE = YES;
				CLANG_WARN_UNGUARDED_AVAILABILITY = YES_AGGRESSIVE;
				CLANG_WARN_UNREACHABLE_CODE = YES;
				CLANG_WARN__DUPLICATE_METHOD_MATCH = YES;
				CODE_SIGN_IDENTITY = "iPhone Developer";
				COPY_PHASE_STRIP = NO;
				DEBUG_INFORMATION_FORMAT = dwarf;
				ENABLE_STRICT_OBJC_MSGSEND = YES;
				ENABLE_TESTABILITY = YES;
				GCC_C_LANGUAGE_STANDARD = gnu11;
				GCC_DYNAMIC_NO_PIC = NO;
				GCC_NO_COMMON_BLOCKS = YES;
				GCC_OPTIMIZATION_LEVEL = 0;
				GCC_PREPROCESSOR_DEFINITIONS = (
					"DEBUG=1",
					"$(inherited)",
				);
				GCC_WARN_64_TO_32_BIT_CONVERSION = YES;
				GCC_WARN_ABOUT_RETURN_TYPE = YES_ERROR;
				GCC_WARN_UNDECLARED_SELECTOR = YES;
				GCC_WARN_UNINITIALIZED_AUTOS = YES_AGGRESSIVE;
				GCC_WARN_UNUSED_FUNCTION = YES;
				GCC_WARN_UNUSED_VARIABLE = YES;
				IPHONEOS_DEPLOYMENT_TARGET = 11.1;
				MTL_ENABLE_DEBUG_INFO = YES;
				ONLY_ACTIVE_ARCH = YES;
				SDKROOT = iphoneos;
			};
			name = Debug;
		};
		688EAD921FD3C60F000BDBD3 /* Release */ = {
			isa = XCBuildConfiguration;
			buildSettings = {
				ALWAYS_SEARCH_USER_PATHS = NO;
				CLANG_ANALYZER_NONNULL = YES;
				CLANG_ANALYZER_NUMBER_OBJECT_CONVERSION = YES_AGGRESSIVE;
				CLANG_CXX_LANGUAGE_STANDARD = "gnu++14";
				CLANG_CXX_LIBRARY = "libc++";
				CLANG_ENABLE_MODULES = YES;
				CLANG_ENABLE_OBJC_ARC = YES;
				CLANG_WARN_BLOCK_CAPTURE_AUTORELEASING = YES;
				CLANG_WARN_BOOL_CONVERSION = YES;
				CLANG_WARN_COMMA = YES;
				CLANG_WARN_CONSTANT_CONVERSION = YES;
				CLANG_WARN_DIRECT_OBJC_ISA_USAGE = YES_ERROR;
				CLANG_WARN_DOCUMENTATION_COMMENTS = YES;
				CLANG_WARN_EMPTY_BODY = YES;
				CLANG_WARN_ENUM_CONVERSION = YES;
				CLANG_WARN_INFINITE_RECURSION = YES;
				CLANG_WARN_INT_CONVERSION = YES;
				CLANG_WARN_NON_LITERAL_NULL_CONVERSION = YES;
				CLANG_WARN_OBJC_LITERAL_CONVERSION = YES;
				CLANG_WARN_OBJC_ROOT_CLASS = YES_ERROR;
				CLANG_WARN_RANGE_LOOP_ANALYSIS = YES;
				CLANG_WARN_STRICT_PROTOTYPES = YES;
				CLANG_WARN_SUSPICIOUS_MOVE = YES;
				CLANG_WARN_UNGUARDED_AVAILABILITY = YES_AGGRESSIVE;
				CLANG_WARN_UNREACHABLE_CODE = YES;
				CLANG_WARN__DUPLICATE_METHOD_MATCH = YES;
				CODE_SIGN_IDENTITY = "iPhone Developer";
				COPY_PHASE_STRIP = NO;
				DEBUG_INFORMATION_FORMAT = "dwarf-with-dsym";
				ENABLE_NS_ASSERTIONS = NO;
				ENABLE_STRICT_OBJC_MSGSEND = YES;
				GCC_C_LANGUAGE_STANDARD = gnu11;
				GCC_NO_COMMON_BLOCKS = YES;
				GCC_WARN_64_TO_32_BIT_CONVERSION = YES;
				GCC_WARN_ABOUT_RETURN_TYPE = YES_ERROR;
				GCC_WARN_UNDECLARED_SELECTOR = YES;
				GCC_WARN_UNINITIALIZED_AUTOS = YES_AGGRESSIVE;
				GCC_WARN_UNUSED_FUNCTION = YES;
				GCC_WARN_UNUSED_VARIABLE = YES;
				IPHONEOS_DEPLOYMENT_TARGET = 11.1;
				MTL_ENABLE_DEBUG_INFO = NO;
				SDKROOT = iphoneos;
				VALIDATE_PRODUCT = YES;
			};
			name = Release;
		};
		688EAD941FD3C60F000BDBD3 /* Debug */ = {
			isa = XCBuildConfiguration;
			baseConfigurationReference = 9C84C376D2694DD20805306A /* Pods-WDRacDemo.debug.xcconfig */;
			buildSettings = {
				ASSETCATALOG_COMPILER_APPICON_NAME = AppIcon;
				CODE_SIGN_STYLE = Automatic;
				DEVELOPMENT_TEAM = DJ6J6WLK86;
				INFOPLIST_FILE = WDRacDemo/Info.plist;
				IPHONEOS_DEPLOYMENT_TARGET = 9.0;
				LD_RUNPATH_SEARCH_PATHS = "$(inherited) @executable_path/Frameworks";
				PRODUCT_BUNDLE_IDENTIFIER = WD.WDRacDemo;
				PRODUCT_NAME = "$(TARGET_NAME)";
				TARGETED_DEVICE_FAMILY = "1,2";
			};
			name = Debug;
		};
		688EAD951FD3C60F000BDBD3 /* Release */ = {
			isa = XCBuildConfiguration;
			baseConfigurationReference = B9B5F0E6658BF9F7472C8994 /* Pods-WDRacDemo.release.xcconfig */;
			buildSettings = {
				ASSETCATALOG_COMPILER_APPICON_NAME = AppIcon;
				CODE_SIGN_STYLE = Automatic;
				DEVELOPMENT_TEAM = DJ6J6WLK86;
				INFOPLIST_FILE = WDRacDemo/Info.plist;
				IPHONEOS_DEPLOYMENT_TARGET = 9.0;
				LD_RUNPATH_SEARCH_PATHS = "$(inherited) @executable_path/Frameworks";
				PRODUCT_BUNDLE_IDENTIFIER = WD.WDRacDemo;
				PRODUCT_NAME = "$(TARGET_NAME)";
				TARGETED_DEVICE_FAMILY = "1,2";
			};
			name = Release;
		};
		688EAD971FD3C60F000BDBD3 /* Debug */ = {
			isa = XCBuildConfiguration;
			buildSettings = {
				BUNDLE_LOADER = "$(TEST_HOST)";
				CODE_SIGN_STYLE = Automatic;
				INFOPLIST_FILE = WDRacDemoTests/Info.plist;
				LD_RUNPATH_SEARCH_PATHS = "$(inherited) @executable_path/Frameworks @loader_path/Frameworks";
				PRODUCT_BUNDLE_IDENTIFIER = WD.WDRacDemoTests;
				PRODUCT_NAME = "$(TARGET_NAME)";
				TARGETED_DEVICE_FAMILY = "1,2";
				TEST_HOST = "$(BUILT_PRODUCTS_DIR)/WDRacDemo.app/WDRacDemo";
			};
			name = Debug;
		};
		688EAD981FD3C60F000BDBD3 /* Release */ = {
			isa = XCBuildConfiguration;
			buildSettings = {
				BUNDLE_LOADER = "$(TEST_HOST)";
				CODE_SIGN_STYLE = Automatic;
				INFOPLIST_FILE = WDRacDemoTests/Info.plist;
				LD_RUNPATH_SEARCH_PATHS = "$(inherited) @executable_path/Frameworks @loader_path/Frameworks";
				PRODUCT_BUNDLE_IDENTIFIER = WD.WDRacDemoTests;
				PRODUCT_NAME = "$(TARGET_NAME)";
				TARGETED_DEVICE_FAMILY = "1,2";
				TEST_HOST = "$(BUILT_PRODUCTS_DIR)/WDRacDemo.app/WDRacDemo";
			};
			name = Release;
		};
		688EAD9A1FD3C60F000BDBD3 /* Debug */ = {
			isa = XCBuildConfiguration;
			buildSettings = {
				CODE_SIGN_STYLE = Automatic;
				INFOPLIST_FILE = WDRacDemoUITests/Info.plist;
				LD_RUNPATH_SEARCH_PATHS = "$(inherited) @executable_path/Frameworks @loader_path/Frameworks";
				PRODUCT_BUNDLE_IDENTIFIER = WD.WDRacDemoUITests;
				PRODUCT_NAME = "$(TARGET_NAME)";
				TARGETED_DEVICE_FAMILY = "1,2";
				TEST_TARGET_NAME = WDRacDemo;
			};
			name = Debug;
		};
		688EAD9B1FD3C60F000BDBD3 /* Release */ = {
			isa = XCBuildConfiguration;
			buildSettings = {
				CODE_SIGN_STYLE = Automatic;
				INFOPLIST_FILE = WDRacDemoUITests/Info.plist;
				LD_RUNPATH_SEARCH_PATHS = "$(inherited) @executable_path/Frameworks @loader_path/Frameworks";
				PRODUCT_BUNDLE_IDENTIFIER = WD.WDRacDemoUITests;
				PRODUCT_NAME = "$(TARGET_NAME)";
				TARGETED_DEVICE_FAMILY = "1,2";
				TEST_TARGET_NAME = WDRacDemo;
			};
			name = Release;
		};
/* End XCBuildConfiguration section */

/* Begin XCConfigurationList section */
		688EAD621FD3C60F000BDBD3 /* Build configuration list for PBXProject "WDRacDemo" */ = {
			isa = XCConfigurationList;
			buildConfigurations = (
				688EAD911FD3C60F000BDBD3 /* Debug */,
				688EAD921FD3C60F000BDBD3 /* Release */,
			);
			defaultConfigurationIsVisible = 0;
			defaultConfigurationName = Release;
		};
		688EAD931FD3C60F000BDBD3 /* Build configuration list for PBXNativeTarget "WDRacDemo" */ = {
			isa = XCConfigurationList;
			buildConfigurations = (
				688EAD941FD3C60F000BDBD3 /* Debug */,
				688EAD951FD3C60F000BDBD3 /* Release */,
			);
			defaultConfigurationIsVisible = 0;
			defaultConfigurationName = Release;
		};
		688EAD961FD3C60F000BDBD3 /* Build configuration list for PBXNativeTarget "WDRacDemoTests" */ = {
			isa = XCConfigurationList;
			buildConfigurations = (
				688EAD971FD3C60F000BDBD3 /* Debug */,
				688EAD981FD3C60F000BDBD3 /* Release */,
			);
			defaultConfigurationIsVisible = 0;
			defaultConfigurationName = Release;
		};
		688EAD991FD3C60F000BDBD3 /* Build configuration list for PBXNativeTarget "WDRacDemoUITests" */ = {
			isa = XCConfigurationList;
			buildConfigurations = (
				688EAD9A1FD3C60F000BDBD3 /* Debug */,
				688EAD9B1FD3C60F000BDBD3 /* Release */,
			);
			defaultConfigurationIsVisible = 0;
			defaultConfigurationName = Release;
		};
/* End XCConfigurationList section */
	};
	rootObject = 688EAD5F1FD3C60F000BDBD3 /* Project object */;
}
